// !$*UTF8*$!
{
	archiveVersion = 1;
	classes = {
	};
	objectVersion = 46;
	objects = {

/* Begin PBXBuildFile section */
		4A0A76431F3231BA004B01FC /* AppDelegate.swift in Sources */ = {isa = PBXBuildFile; fileRef = 4A0A76421F3231BA004B01FC /* AppDelegate.swift */; };
		4A0A76451F3231BA004B01FC /* ViewController.swift in Sources */ = {isa = PBXBuildFile; fileRef = 4A0A76441F3231BA004B01FC /* ViewController.swift */; };
		4A0A76481F3231BA004B01FC /* Main.storyboard in Resources */ = {isa = PBXBuildFile; fileRef = 4A0A76461F3231BA004B01FC /* Main.storyboard */; };
		4A0A764A1F3231BA004B01FC /* Assets.xcassets in Resources */ = {isa = PBXBuildFile; fileRef = 4A0A76491F3231BA004B01FC /* Assets.xcassets */; };
		4A0A764D1F3231BA004B01FC /* LaunchScreen.storyboard in Resources */ = {isa = PBXBuildFile; fileRef = 4A0A764B1F3231BA004B01FC /* LaunchScreen.storyboard */; };
/* End PBXBuildFile section */

/* Begin PBXFileReference section */
		4A0A763F1F3231BA004B01FC /* convertGCDToSwift.app */ = {isa = PBXFileReference; explicitFileType = wrapper.application; includeInIndex = 0; path = convertGCDToSwift.app; sourceTree = BUILT_PRODUCTS_DIR; };
		4A0A76421F3231BA004B01FC /* AppDelegate.swift */ = {isa = PBXFileReference; lastKnownFileType = sourcecode.swift; path = AppDelegate.swift; sourceTree = "<group>"; };
		4A0A76441F3231BA004B01FC /* ViewController.swift */ = {isa = PBXFileReference; lastKnownFileType = sourcecode.swift; path = ViewController.swift; sourceTree = "<group>"; };
		4A0A76471F3231BA004B01FC /* Base */ = {isa = PBXFileReference; lastKnownFileType = file.storyboard; name = Base; path = Base.lproj/Main.storyboard; sourceTree = "<group>"; };
		4A0A76491F3231BA004B01FC /* Assets.xcassets */ = {isa = PBXFileReference; lastKnownFileType = folder.assetcatalog; path = Assets.xcassets; sourceTree = "<group>"; };
		4A0A764C1F3231BA004B01FC /* Base */ = {isa = PBXFileReference; lastKnownFileType = file.storyboard; name = Base; path = Base.lproj/LaunchScreen.storyboard; sourceTree = "<group>"; };
		4A0A764E1F3231BA004B01FC /* Info.plist */ = {isa = PBXFileReference; lastKnownFileType = text.plist.xml; path = Info.plist; sourceTree = "<group>"; };
/* End PBXFileReference section */

/* Begin PBXFrameworksBuildPhase section */
		4A0A763C1F3231BA004B01FC /* Frameworks */ = {
			isa = PBXFrameworksBuildPhase;
			buildActionMask = 2147483647;
			files = (
			);
			runOnlyForDeploymentPostprocessing = 0;
		};
/* End PBXFrameworksBuildPhase section */

/* Begin PBXGroup section */
		4A0A76361F3231BA004B01FC = {
			isa = PBXGroup;
			children = (
				4A0A76411F3231BA004B01FC /* convertGCDToSwift */,
				4A0A76401F3231BA004B01FC /* Products */,
			);
			sourceTree = "<group>";
		};
		4A0A76401F3231BA004B01FC /* Products */ = {
			isa = PBXGroup;
			children = (
				4A0A763F1F3231BA004B01FC /* convertGCDToSwift.app */,
			);
			name = Products;
			sourceTree = "<group>";
		};
		4A0A76411F3231BA004B01FC /* convertGCDToSwift */ = {
			isa = PBXGroup;
			children = (
				4A0A76421F3231BA004B01FC /* AppDelegate.swift */,
				4A0A76441F3231BA004B01FC /* ViewController.swift */,
				4A0A76461F3231BA004B01FC /* Main.storyboard */,
				4A0A76491F3231BA004B01FC /* Assets.xcassets */,
				4A0A764B1F3231BA004B01FC /* LaunchScreen.storyboard */,
				4A0A764E1F3231BA004B01FC /* Info.plist */,
			);
			path = convertGCDToSwift;
			sourceTree = "<group>";
		};
/* End PBXGroup section */

/* Begin PBXNativeTarget section */
		4A0A763E1F3231BA004B01FC /* convertGCDToSwift */ = {
			isa = PBXNativeTarget;
			buildConfigurationList = 4A0A76511F3231BA004B01FC /* Build configuration list for PBXNativeTarget "convertGCDToSwift" */;
			buildPhases = (
				4A0A763B1F3231BA004B01FC /* Sources */,
				4A0A763C1F3231BA004B01FC /* Frameworks */,
				4A0A763D1F3231BA004B01FC /* Resources */,
			);
			buildRules = (
			);
			dependencies = (
			);
			name = convertGCDToSwift;
			productName = convertGCDToSwift;
			productReference = 4A0A763F1F3231BA004B01FC /* convertGCDToSwift.app */;
			productType = "com.apple.product-type.application";
		};
/* End PBXNativeTarget section */

/* Begin PBXProject section */
		4A0A76371F3231BA004B01FC /* Project object */ = {
			isa = PBXProject;
			attributes = {
				LastSwiftUpdateCheck = 0830;
				LastUpgradeCheck = 0830;
				ORGANIZATIONNAME = Individual;
				TargetAttributes = {
					4A0A763E1F3231BA004B01FC = {
						CreatedOnToolsVersion = 8.3.3;
						DevelopmentTeam = V454Z796B2;
						ProvisioningStyle = Automatic;
					};
				};
			};
			buildConfigurationList = 4A0A763A1F3231BA004B01FC /* Build configuration list for PBXProject "convertGCDToSwift" */;
			compatibilityVersion = "Xcode 3.2";
			developmentRegion = English;
			hasScannedForEncodings = 0;
			knownRegions = (
				en,
				Base,
			);
			mainGroup = 4A0A76361F3231BA004B01FC;
			productRefGroup = 4A0A76401F3231BA004B01FC /* Products */;
			projectDirPath = "";
			projectRoot = "";
			targets = (
				4A0A763E1F3231BA004B01FC /* convertGCDToSwift */,
			);
		};
/* End PBXProject section */

/* Begin PBXResourcesBuildPhase section */
		4A0A763D1F3231BA004B01FC /* Resources */ = {
			isa = PBXResourcesBuildPhase;
			buildActionMask = 2147483647;
			files = (
				4A0A764D1F3231BA004B01FC /* LaunchScreen.storyboard in Resources */,
				4A0A764A1F3231BA004B01FC /* Assets.xcassets in Resources */,
				4A0A76481F3231BA004B01FC /* Main.storyboard in Resources */,
			);
			runOnlyForDeploymentPostprocessing = 0;
		};
/* End PBXResourcesBuildPhase section */

/* Begin PBXSourcesBuildPhase section */
		4A0A763B1F3231BA004B01FC /* Sources */ = {
			isa = PBXSourcesBuildPhase;
			buildActionMask = 2147483647;
			files = (
				4A0A76451F3231BA004B01FC /* ViewController.swift in Sources */,
				4A0A76431F3231BA004B01FC /* AppDelegate.swift in Sources */,
			);
			runOnlyForDeploymentPostprocessing = 0;
		};
/* End PBXSourcesBuildPhase section */

/* Begin PBXVariantGroup section */
		4A0A76461F3231BA004B01FC /* Main.storyboard */ = {
			isa = PBXVariantGroup;
			children = (
				4A0A76471F3231BA004B01FC /* Base */,
			);
			name = Main.storyboard;
			sourceTree = "<group>";
		};
		4A0A764B1F3231BA004B01FC /* LaunchScreen.storyboard */ = {
			isa = PBXVariantGroup;
			children = (
				4A0A764C1F3231BA004B01FC /* Base */,
			);
			name = LaunchScreen.storyboard;
			sourceTree = "<group>";
		};
/* End PBXVariantGroup section */

/* Begin XCBuildConfiguration section */
		4A0A764F1F3231BA004B01FC /* Debug */ = {
			isa = XCBuildConfiguration;
			buildSettings = {
				ALWAYS_SEARCH_USER_PATHS = NO;
				CLANG_ANALYZER_NONNULL = YES;
				CLANG_ANALYZER_NUMBER_OBJECT_CONVERSION = YES_AGGRESSIVE;
				CLANG_CXX_LANGUAGE_STANDARD = "gnu++0x";
				CLANG_CXX_LIBRARY = "libc++";
				CLANG_ENABLE_MODULES = YES;
				CLANG_ENABLE_OBJC_ARC = YES;
				CLANG_WARN_BOOL_CONVERSION = YES;
				CLANG_WARN_CONSTANT_CONVERSION = YES;
				CLANG_WARN_DIRECT_OBJC_ISA_USAGE = YES_ERROR;
				CLANG_WARN_DOCUMENTATION_COMMENTS = YES;
				CLANG_WARN_EMPTY_BODY = YES;
				CLANG_WARN_ENUM_CONVERSION = YES;
				CLANG_WARN_INFINITE_RECURSION = YES;
				CLANG_WARN_INT_CONVERSION = YES;
				CLANG_WARN_OBJC_ROOT_CLASS = YES_ERROR;
				CLANG_WARN_SUSPICIOUS_MOVE = YES;
				CLANG_WARN_UNREACHABLE_CODE = YES;
				CLANG_WARN__DUPLICATE_METHOD_MATCH = YES;
				"CODE_SIGN_IDENTITY[sdk=iphoneos*]" = "iPhone Developer";
				COPY_PHASE_STRIP = NO;
				DEBUG_INFORMATION_FORMAT = dwarf;
				ENABLE_STRICT_OBJC_MSGSEND = YES;
				ENABLE_TESTABILITY = YES;
				GCC_C_LANGUAGE_STANDARD = gnu99;
				GCC_DYNAMIC_NO_PIC = NO;
				GCC_NO_COMMON_BLOCKS = YES;
				GCC_OPTIMIZATION_LEVEL = 0;
				GCC_PREPROCESSOR_DEFINITIONS = (
					"DEBUG=1",
					"$(inherited)",
				);
				GCC_WARN_64_TO_32_BIT_CONVERSION = YES;
				GCC_WARN_ABOUT_RETURN_TYPE = YES_ERROR;
				GCC_WARN_UNDECLARED_SELECTOR = YES;
				GCC_WARN_UNINITIALIZED_AUTOS = YES_AGGRESSIVE;
				GCC_WARN_UNUSED_FUNCTION = YES;
				GCC_WARN_UNUSED_VARIABLE = YES;
				IPHONEOS_DEPLOYMENT_TARGET = 10.3;
				MTL_ENABLE_DEBUG_INFO = YES;
				ONLY_ACTIVE_ARCH = YES;
				SDKROOT = iphoneos;
				SWIFT_ACTIVE_COMPILATION_CONDITIONS = DEBUG;
				SWIFT_OPTIMIZATION_LEVEL = "-Onone";
				TARGETED_DEVICE_FAMILY = "1,2";
			};
			name = Debug;
		};
		4A0A76501F3231BA004B01FC /* Release */ = {
			isa = XCBuildConfiguration;
			buildSettings = {
				ALWAYS_SEARCH_USER_PATHS = NO;
				CLANG_ANALYZER_NONNULL = YES;
				CLANG_ANALYZER_NUMBER_OBJECT_CONVERSION = YES_AGGRESSIVE;
				CLANG_CXX_LANGUAGE_STANDARD = "gnu++0x";
				CLANG_CXX_LIBRARY = "libc++";
				CLANG_ENABLE_MODULES = YES;
				CLANG_ENABLE_OBJC_ARC = YES;
				CLANG_WARN_BOOL_CONVERSION = YES;
				CLANG_WARN_CONSTANT_CONVERSION = YES;
				CLANG_WARN_DIRECT_OBJC_ISA_USAGE = YES_ERROR;
				CLANG_WARN_DOCUMENTATION_COMMENTS = YES;
				CLANG_WARN_EMPTY_BODY = YES;
				CLANG_WARN_ENUM_CONVERSION = YES;
				CLANG_WARN_INFINITE_RECURSION = YES;
				CLANG_WARN_INT_CONVERSION = YES;
				CLANG_WARN_OBJC_ROOT_CLASS = YES_ERROR;
				CLANG_WARN_SUSPICIOUS_MOVE = YES;
				CLANG_WARN_UNREACHABLE_CODE = YES;
				CLANG_WARN__DUPLICATE_METHOD_MATCH = YES;
				"CODE_SIGN_IDENTITY[sdk=iphoneos*]" = "iPhone Developer";
				COPY_PHASE_STRIP = NO;
				DEBUG_INFORMATION_FORMAT = "dwarf-with-dsym";
				ENABLE_NS_ASSERTIONS = NO;
				ENABLE_STRICT_OBJC_MSGSEND = YES;
				GCC_C_LANGUAGE_STANDARD = gnu99;
				GCC_NO_COMMON_BLOCKS = YES;
				GCC_WARN_64_TO_32_BIT_CONVERSION = YES;
				GCC_WARN_ABOUT_RETURN_TYPE = YES_ERROR;
				GCC_WARN_UNDECLARED_SELECTOR = YES;
				GCC_WARN_UNINITIALIZED_AUTOS = YES_AGGRESSIVE;
				GCC_WARN_UNUSED_FUNCTION = YES;
				GCC_WARN_UNUSED_VARIABLE = YES;
				IPHONEOS_DEPLOYMENT_TARGET = 10.3;
				MTL_ENABLE_DEBUG_INFO = NO;
				SDKROOT = iphoneos;
				SWIFT_OPTIMIZATION_LEVEL = "-Owholemodule";
				TARGETED_DEVICE_FAMILY = "1,2";
				VALIDATE_PRODUCT = YES;
			};
			name = Release;
		};
		4A0A76521F3231BA004B01FC /* Debug */ = {
			isa = XCBuildConfiguration;
			buildSettings = {
				ASSETCATALOG_COMPILER_APPICON_NAME = AppIcon;
				DEVELOPMENT_TEAM = V454Z796B2;
				INFOPLIST_FILE = convertGCDToSwift/Info.plist;
				LD_RUNPATH_SEARCH_PATHS = "$(inherited) @executable_path/Frameworks";
				PRODUCT_BUNDLE_IDENTIFIER = com.Indivudual.katewong.convertGCDToSwift;
				PRODUCT_NAME = "$(TARGET_NAME)";
				SWIFT_VERSION = 3.0;
			};
			name = Debug;
		};
		4A0A76531F3231BA004B01FC /* Release */ = {
			isa = XCBuildConfiguration;
			buildSettings = {
				ASSETCATALOG_COMPILER_APPICON_NAME = AppIcon;
				DEVELOPMENT_TEAM = V454Z796B2;
				INFOPLIST_FILE = convertGCDToSwift/Info.plist;
				LD_RUNPATH_SEARCH_PATHS = "$(inherited) @executable_path/Frameworks";
				PRODUCT_BUNDLE_IDENTIFIER = com.Indivudual.katewong.convertGCDToSwift;
				PRODUCT_NAME = "$(TARGET_NAME)";
				SWIFT_VERSION = 3.0;
			};
			name = Release;
		};
/* End XCBuildConfiguration section */

/* Begin XCConfigurationList section */
		4A0A763A1F3231BA004B01FC /* Build configuration list for PBXProject "convertGCDToSwift" */ = {
			isa = XCConfigurationList;
			buildConfigurations = (
				4A0A764F1F3231BA004B01FC /* Debug */,
				4A0A76501F3231BA004B01FC /* Release */,
			);
			defaultConfigurationIsVisible = 0;
			defaultConfigurationName = Release;
		};
		4A0A76511F3231BA004B01FC /* Build configuration list for PBXNativeTarget "convertGCDToSwift" */ = {
			isa = XCConfigurationList;
			buildConfigurations = (
				4A0A76521F3231BA004B01FC /* Debug */,
				4A0A76531F3231BA004B01FC /* Release */,
			);
			defaultConfigurationIsVisible = 0;
		};
/* End XCConfigurationList section */
	};
	rootObject = 4A0A76371F3231BA004B01FC /* Project object */;
}
